// !$*UTF8*$!
{
	archiveVersion = 1;
	classes = {
	};
	objectVersion = 46;
	objects = {

/* Begin PBXBuildFile section */
		472D90821E50E4A500951D89 /* ChoreDetailsNavigator.swift in Sources */ = {isa = PBXBuildFile; fileRef = 472D90811E50E4A500951D89 /* ChoreDetailsNavigator.swift */; };
		472D90841E5217E400951D89 /* ChoreDetailsViewController.swift in Sources */ = {isa = PBXBuildFile; fileRef = 472D90831E5217E400951D89 /* ChoreDetailsViewController.swift */; };
		472D90861E52196A00951D89 /* ChoreDetailsPresenter.swift in Sources */ = {isa = PBXBuildFile; fileRef = 472D90851E52196A00951D89 /* ChoreDetailsPresenter.swift */; };
		472D90881E52197C00951D89 /* ChoreDetailsInteractor.swift in Sources */ = {isa = PBXBuildFile; fileRef = 472D90871E52197C00951D89 /* ChoreDetailsInteractor.swift */; };
		476F2BE41E3A653200CA6712 /* AppDelegate.swift in Sources */ = {isa = PBXBuildFile; fileRef = 476F2BE31E3A653200CA6712 /* AppDelegate.swift */; };
		476F2BEB1E3A653200CA6712 /* Assets.xcassets in Resources */ = {isa = PBXBuildFile; fileRef = 476F2BEA1E3A653200CA6712 /* Assets.xcassets */; };
		476F2BEE1E3A653200CA6712 /* LaunchScreen.storyboard in Resources */ = {isa = PBXBuildFile; fileRef = 476F2BEC1E3A653200CA6712 /* LaunchScreen.storyboard */; };
		476F2BF91E3A653200CA6712 /* ChoresTests.swift in Sources */ = {isa = PBXBuildFile; fileRef = 476F2BF81E3A653200CA6712 /* ChoresTests.swift */; };
		476F2C0A1E3CD41000CA6712 /* SnapKit.framework in Embed Frameworks */ = {isa = PBXBuildFile; fileRef = 476F2C071E3CD24500CA6712 /* SnapKit.framework */; settings = {ATTRIBUTES = (CodeSignOnCopy, RemoveHeadersOnCopy, ); }; };
		47B6B1311E472F5B00788C26 /* InstantRender.xib in Resources */ = {isa = PBXBuildFile; fileRef = 47B6B1301E472F5B00788C26 /* InstantRender.xib */; };
		47B6B1341E477F1800788C26 /* UIColor+colors.swift in Sources */ = {isa = PBXBuildFile; fileRef = 47B6B1331E477F1800788C26 /* UIColor+colors.swift */; };
		47B6B1371E47801100788C26 /* ChoresListViewController.swift in Sources */ = {isa = PBXBuildFile; fileRef = 47B6B1361E47801100788C26 /* ChoresListViewController.swift */; };
		47B6B1391E47802800788C26 /* CompletableItemTableViewCell.swift in Sources */ = {isa = PBXBuildFile; fileRef = 47B6B1381E47802800788C26 /* CompletableItemTableViewCell.swift */; };
		47B6B13D1E47804B00788C26 /* CompletionMarkView.swift in Sources */ = {isa = PBXBuildFile; fileRef = 47B6B13C1E47804B00788C26 /* CompletionMarkView.swift */; };
		47B6B13F1E47807F00788C26 /* ChoresListPresenter.swift in Sources */ = {isa = PBXBuildFile; fileRef = 47B6B13E1E47807F00788C26 /* ChoresListPresenter.swift */; };
		47B6B1411E4780A500788C26 /* ChoresListNavigator.swift in Sources */ = {isa = PBXBuildFile; fileRef = 47B6B1401E4780A500788C26 /* ChoresListNavigator.swift */; };
		47B6B1431E4780BF00788C26 /* ChoresListInteractor.swift in Sources */ = {isa = PBXBuildFile; fileRef = 47B6B1421E4780BF00788C26 /* ChoresListInteractor.swift */; };
/* End PBXBuildFile section */

/* Begin PBXContainerItemProxy section */
		476F2BF51E3A653200CA6712 /* PBXContainerItemProxy */ = {
			isa = PBXContainerItemProxy;
			containerPortal = 476F2BD81E3A653200CA6712 /* Project object */;
			proxyType = 1;
			remoteGlobalIDString = 476F2BDF1E3A653200CA6712;
			remoteInfo = Chores;
		};
/* End PBXContainerItemProxy section */

/* Begin PBXCopyFilesBuildPhase section */
		476F2C0B1E3CD41000CA6712 /* Embed Frameworks */ = {
			isa = PBXCopyFilesBuildPhase;
			buildActionMask = 2147483647;
			dstPath = "";
			dstSubfolderSpec = 10;
			files = (
				476F2C0A1E3CD41000CA6712 /* SnapKit.framework in Embed Frameworks */,
			);
			name = "Embed Frameworks";
			runOnlyForDeploymentPostprocessing = 0;
		};
/* End PBXCopyFilesBuildPhase section */

/* Begin PBXFileReference section */
		472D90811E50E4A500951D89 /* ChoreDetailsNavigator.swift */ = {isa = PBXFileReference; fileEncoding = 4; lastKnownFileType = sourcecode.swift; name = ChoreDetailsNavigator.swift; path = ChoreDetails/ChoreDetailsNavigator.swift; sourceTree = "<group>"; };
		472D90831E5217E400951D89 /* ChoreDetailsViewController.swift */ = {isa = PBXFileReference; fileEncoding = 4; lastKnownFileType = sourcecode.swift; name = ChoreDetailsViewController.swift; path = ChoreDetails/ChoreDetailsViewController.swift; sourceTree = "<group>"; };
		472D90851E52196A00951D89 /* ChoreDetailsPresenter.swift */ = {isa = PBXFileReference; fileEncoding = 4; lastKnownFileType = sourcecode.swift; name = ChoreDetailsPresenter.swift; path = ChoreDetails/ChoreDetailsPresenter.swift; sourceTree = "<group>"; };
		472D90871E52197C00951D89 /* ChoreDetailsInteractor.swift */ = {isa = PBXFileReference; fileEncoding = 4; lastKnownFileType = sourcecode.swift; name = ChoreDetailsInteractor.swift; path = ChoreDetails/ChoreDetailsInteractor.swift; sourceTree = "<group>"; };
		476F2BE01E3A653200CA6712 /* Chores.app */ = {isa = PBXFileReference; explicitFileType = wrapper.application; includeInIndex = 0; path = Chores.app; sourceTree = BUILT_PRODUCTS_DIR; };
		476F2BE31E3A653200CA6712 /* AppDelegate.swift */ = {isa = PBXFileReference; lastKnownFileType = sourcecode.swift; path = AppDelegate.swift; sourceTree = "<group>"; };
		476F2BEA1E3A653200CA6712 /* Assets.xcassets */ = {isa = PBXFileReference; lastKnownFileType = folder.assetcatalog; path = Assets.xcassets; sourceTree = "<group>"; };
		476F2BED1E3A653200CA6712 /* Base */ = {isa = PBXFileReference; lastKnownFileType = file.storyboard; name = Base; path = Base.lproj/LaunchScreen.storyboard; sourceTree = "<group>"; };
		476F2BEF1E3A653200CA6712 /* Info.plist */ = {isa = PBXFileReference; lastKnownFileType = text.plist.xml; path = Info.plist; sourceTree = "<group>"; };
		476F2BF41E3A653200CA6712 /* ChoresTests.xctest */ = {isa = PBXFileReference; explicitFileType = wrapper.cfbundle; includeInIndex = 0; path = ChoresTests.xctest; sourceTree = BUILT_PRODUCTS_DIR; };
		476F2BF81E3A653200CA6712 /* ChoresTests.swift */ = {isa = PBXFileReference; lastKnownFileType = sourcecode.swift; path = ChoresTests.swift; sourceTree = "<group>"; };
		476F2BFA1E3A653200CA6712 /* Info.plist */ = {isa = PBXFileReference; lastKnownFileType = text.plist.xml; path = Info.plist; sourceTree = "<group>"; };
		476F2C071E3CD24500CA6712 /* SnapKit.framework */ = {isa = PBXFileReference; lastKnownFileType = wrapper.framework; name = SnapKit.framework; path = Carthage/Build/iOS/SnapKit.framework; sourceTree = "<group>"; };
		47B6B1301E472F5B00788C26 /* InstantRender.xib */ = {isa = PBXFileReference; fileEncoding = 4; lastKnownFileType = file.xib; path = InstantRender.xib; sourceTree = "<group>"; };
		47B6B1331E477F1800788C26 /* UIColor+colors.swift */ = {isa = PBXFileReference; fileEncoding = 4; lastKnownFileType = sourcecode.swift; name = "UIColor+colors.swift"; path = "Common/UIColor+colors.swift"; sourceTree = "<group>"; };
		47B6B1361E47801100788C26 /* ChoresListViewController.swift */ = {isa = PBXFileReference; fileEncoding = 4; lastKnownFileType = sourcecode.swift; name = ChoresListViewController.swift; path = ChoresList/ChoresListViewController.swift; sourceTree = "<group>"; };
		47B6B1381E47802800788C26 /* CompletableItemTableViewCell.swift */ = {isa = PBXFileReference; fileEncoding = 4; lastKnownFileType = sourcecode.swift; name = CompletableItemTableViewCell.swift; path = ChoresList/CompletableItemTableViewCell.swift; sourceTree = "<group>"; };
		47B6B13C1E47804B00788C26 /* CompletionMarkView.swift */ = {isa = PBXFileReference; fileEncoding = 4; lastKnownFileType = sourcecode.swift; name = CompletionMarkView.swift; path = ChoresList/CompletionMarkView.swift; sourceTree = "<group>"; };
		47B6B13E1E47807F00788C26 /* ChoresListPresenter.swift */ = {isa = PBXFileReference; fileEncoding = 4; lastKnownFileType = sourcecode.swift; name = ChoresListPresenter.swift; path = ChoresList/ChoresListPresenter.swift; sourceTree = "<group>"; };
		47B6B1401E4780A500788C26 /* ChoresListNavigator.swift */ = {isa = PBXFileReference; fileEncoding = 4; lastKnownFileType = sourcecode.swift; name = ChoresListNavigator.swift; path = ChoresList/ChoresListNavigator.swift; sourceTree = "<group>"; };
		47B6B1421E4780BF00788C26 /* ChoresListInteractor.swift */ = {isa = PBXFileReference; fileEncoding = 4; lastKnownFileType = sourcecode.swift; name = ChoresListInteractor.swift; path = ChoresList/ChoresListInteractor.swift; sourceTree = "<group>"; };
/* End PBXFileReference section */

/* Begin PBXFrameworksBuildPhase section */
		476F2BDD1E3A653200CA6712 /* Frameworks */ = {
			isa = PBXFrameworksBuildPhase;
			buildActionMask = 2147483647;
			files = (
			);
			runOnlyForDeploymentPostprocessing = 0;
		};
		476F2BF11E3A653200CA6712 /* Frameworks */ = {
			isa = PBXFrameworksBuildPhase;
			buildActionMask = 2147483647;
			files = (
			);
			runOnlyForDeploymentPostprocessing = 0;
		};
/* End PBXFrameworksBuildPhase section */

/* Begin PBXGroup section */
		472D90801E50570600951D89 /* ChoreDetails */ = {
			isa = PBXGroup;
			children = (
				472D90811E50E4A500951D89 /* ChoreDetailsNavigator.swift */,
				472D90831E5217E400951D89 /* ChoreDetailsViewController.swift */,
				472D90851E52196A00951D89 /* ChoreDetailsPresenter.swift */,
				472D90871E52197C00951D89 /* ChoreDetailsInteractor.swift */,
			);
			name = ChoreDetails;
			sourceTree = "<group>";
		};
		476F2BD71E3A653200CA6712 = {
			isa = PBXGroup;
			children = (
				476F2BE21E3A653200CA6712 /* Chores */,
				476F2BF71E3A653200CA6712 /* ChoresTests */,
				476F2BE11E3A653200CA6712 /* Products */,
				476F2C061E3CD24500CA6712 /* Frameworks */,
			);
			sourceTree = "<group>";
		};
		476F2BE11E3A653200CA6712 /* Products */ = {
			isa = PBXGroup;
			children = (
				476F2BE01E3A653200CA6712 /* Chores.app */,
				476F2BF41E3A653200CA6712 /* ChoresTests.xctest */,
			);
			name = Products;
			sourceTree = "<group>";
		};
		476F2BE21E3A653200CA6712 /* Chores */ = {
			isa = PBXGroup;
			children = (
				47B6B1321E477EDC00788C26 /* Common */,
				47B6B1351E47800700788C26 /* ChoresList */,
				472D90801E50570600951D89 /* ChoreDetails */,
				476F2BE31E3A653200CA6712 /* AppDelegate.swift */,
				47B6B1301E472F5B00788C26 /* InstantRender.xib */,
				47B6B12F1E466DD200788C26 /* Supporting Files */,
			);
			path = Chores;
			sourceTree = "<group>";
		};
		476F2BF71E3A653200CA6712 /* ChoresTests */ = {
			isa = PBXGroup;
			children = (
				476F2BF81E3A653200CA6712 /* ChoresTests.swift */,
				476F2BFA1E3A653200CA6712 /* Info.plist */,
			);
			path = ChoresTests;
			sourceTree = "<group>";
		};
		476F2C061E3CD24500CA6712 /* Frameworks */ = {
			isa = PBXGroup;
			children = (
				476F2C071E3CD24500CA6712 /* SnapKit.framework */,
			);
			name = Frameworks;
			sourceTree = "<group>";
		};
		47B6B12F1E466DD200788C26 /* Supporting Files */ = {
			isa = PBXGroup;
			children = (
				476F2BEA1E3A653200CA6712 /* Assets.xcassets */,
				476F2BEC1E3A653200CA6712 /* LaunchScreen.storyboard */,
				476F2BEF1E3A653200CA6712 /* Info.plist */,
			);
			name = "Supporting Files";
			sourceTree = "<group>";
		};
		47B6B1321E477EDC00788C26 /* Common */ = {
			isa = PBXGroup;
			children = (
				47B6B1331E477F1800788C26 /* UIColor+colors.swift */,
			);
			name = Common;
			sourceTree = "<group>";
		};
		47B6B1351E47800700788C26 /* ChoresList */ = {
			isa = PBXGroup;
			children = (
				47B6B1381E47802800788C26 /* CompletableItemTableViewCell.swift */,
				47B6B13C1E47804B00788C26 /* CompletionMarkView.swift */,
				47B6B1361E47801100788C26 /* ChoresListViewController.swift */,
				47B6B13E1E47807F00788C26 /* ChoresListPresenter.swift */,
				47B6B1401E4780A500788C26 /* ChoresListNavigator.swift */,
				47B6B1421E4780BF00788C26 /* ChoresListInteractor.swift */,
			);
			name = ChoresList;
			sourceTree = "<group>";
		};
/* End PBXGroup section */

/* Begin PBXNativeTarget section */
		476F2BDF1E3A653200CA6712 /* Chores */ = {
			isa = PBXNativeTarget;
			buildConfigurationList = 476F2BFD1E3A653200CA6712 /* Build configuration list for PBXNativeTarget "Chores" */;
			buildPhases = (
				476F2BDC1E3A653200CA6712 /* Sources */,
				476F2BDD1E3A653200CA6712 /* Frameworks */,
				476F2BDE1E3A653200CA6712 /* Resources */,
				476F2C0B1E3CD41000CA6712 /* Embed Frameworks */,
			);
			buildRules = (
			);
			dependencies = (
			);
			name = Chores;
			productName = Chores;
			productReference = 476F2BE01E3A653200CA6712 /* Chores.app */;
			productType = "com.apple.product-type.application";
		};
		476F2BF31E3A653200CA6712 /* ChoresTests */ = {
			isa = PBXNativeTarget;
			buildConfigurationList = 476F2C001E3A653200CA6712 /* Build configuration list for PBXNativeTarget "ChoresTests" */;
			buildPhases = (
				476F2BF01E3A653200CA6712 /* Sources */,
				476F2BF11E3A653200CA6712 /* Frameworks */,
				476F2BF21E3A653200CA6712 /* Resources */,
			);
			buildRules = (
			);
			dependencies = (
				476F2BF61E3A653200CA6712 /* PBXTargetDependency */,
			);
			name = ChoresTests;
			productName = ChoresTests;
			productReference = 476F2BF41E3A653200CA6712 /* ChoresTests.xctest */;
			productType = "com.apple.product-type.bundle.unit-test";
		};
/* End PBXNativeTarget section */

/* Begin PBXProject section */
		476F2BD81E3A653200CA6712 /* Project object */ = {
			isa = PBXProject;
			attributes = {
				LastSwiftUpdateCheck = 0820;
				LastUpgradeCheck = 0820;
				ORGANIZATIONNAME = "Markus Kauppila";
				TargetAttributes = {
					476F2BDF1E3A653200CA6712 = {
						CreatedOnToolsVersion = 8.2.1;
						ProvisioningStyle = Automatic;
					};
					476F2BF31E3A653200CA6712 = {
						CreatedOnToolsVersion = 8.2.1;
						ProvisioningStyle = Automatic;
						TestTargetID = 476F2BDF1E3A653200CA6712;
					};
				};
			};
			buildConfigurationList = 476F2BDB1E3A653200CA6712 /* Build configuration list for PBXProject "Chores" */;
			compatibilityVersion = "Xcode 3.2";
			developmentRegion = English;
			hasScannedForEncodings = 0;
			knownRegions = (
				en,
				Base,
			);
			mainGroup = 476F2BD71E3A653200CA6712;
			productRefGroup = 476F2BE11E3A653200CA6712 /* Products */;
			projectDirPath = "";
			projectRoot = "";
			targets = (
				476F2BDF1E3A653200CA6712 /* Chores */,
				476F2BF31E3A653200CA6712 /* ChoresTests */,
			);
		};
/* End PBXProject section */

/* Begin PBXResourcesBuildPhase section */
		476F2BDE1E3A653200CA6712 /* Resources */ = {
			isa = PBXResourcesBuildPhase;
			buildActionMask = 2147483647;
			files = (
				476F2BEE1E3A653200CA6712 /* LaunchScreen.storyboard in Resources */,
				476F2BEB1E3A653200CA6712 /* Assets.xcassets in Resources */,
				47B6B1311E472F5B00788C26 /* InstantRender.xib in Resources */,
			);
			runOnlyForDeploymentPostprocessing = 0;
		};
		476F2BF21E3A653200CA6712 /* Resources */ = {
			isa = PBXResourcesBuildPhase;
			buildActionMask = 2147483647;
			files = (
			);
			runOnlyForDeploymentPostprocessing = 0;
		};
/* End PBXResourcesBuildPhase section */

/* Begin PBXSourcesBuildPhase section */
		476F2BDC1E3A653200CA6712 /* Sources */ = {
			isa = PBXSourcesBuildPhase;
			buildActionMask = 2147483647;
			files = (
				47B6B1431E4780BF00788C26 /* ChoresListInteractor.swift in Sources */,
				472D90821E50E4A500951D89 /* ChoreDetailsNavigator.swift in Sources */,
				47B6B1371E47801100788C26 /* ChoresListViewController.swift in Sources */,
				47B6B1341E477F1800788C26 /* UIColor+colors.swift in Sources */,
				47B6B13F1E47807F00788C26 /* ChoresListPresenter.swift in Sources */,
				47B6B1411E4780A500788C26 /* ChoresListNavigator.swift in Sources */,
				472D90841E5217E400951D89 /* ChoreDetailsViewController.swift in Sources */,
				476F2BE41E3A653200CA6712 /* AppDelegate.swift in Sources */,
				47B6B1391E47802800788C26 /* CompletableItemTableViewCell.swift in Sources */,
				472D90881E52197C00951D89 /* ChoreDetailsInteractor.swift in Sources */,
				47B6B13D1E47804B00788C26 /* CompletionMarkView.swift in Sources */,
				472D90861E52196A00951D89 /* ChoreDetailsPresenter.swift in Sources */,
			);
			runOnlyForDeploymentPostprocessing = 0;
		};
		476F2BF01E3A653200CA6712 /* Sources */ = {
			isa = PBXSourcesBuildPhase;
			buildActionMask = 2147483647;
			files = (
				476F2BF91E3A653200CA6712 /* ChoresTests.swift in Sources */,
			);
			runOnlyForDeploymentPostprocessing = 0;
		};
/* End PBXSourcesBuildPhase section */

/* Begin PBXTargetDependency section */
		476F2BF61E3A653200CA6712 /* PBXTargetDependency */ = {
			isa = PBXTargetDependency;
			target = 476F2BDF1E3A653200CA6712 /* Chores */;
			targetProxy = 476F2BF51E3A653200CA6712 /* PBXContainerItemProxy */;
		};
/* End PBXTargetDependency section */

/* Begin PBXVariantGroup section */
		476F2BEC1E3A653200CA6712 /* LaunchScreen.storyboard */ = {
			isa = PBXVariantGroup;
			children = (
				476F2BED1E3A653200CA6712 /* Base */,
			);
			name = LaunchScreen.storyboard;
			sourceTree = "<group>";
		};
/* End PBXVariantGroup section */

/* Begin XCBuildConfiguration section */
		476F2BFB1E3A653200CA6712 /* Debug */ = {
			isa = XCBuildConfiguration;
			buildSettings = {
				ALWAYS_SEARCH_USER_PATHS = NO;
				CLANG_ANALYZER_NONNULL = YES;
				CLANG_CXX_LANGUAGE_STANDARD = "gnu++0x";
				CLANG_CXX_LIBRARY = "libc++";
				CLANG_ENABLE_MODULES = YES;
				CLANG_ENABLE_OBJC_ARC = YES;
				CLANG_WARN_BOOL_CONVERSION = YES;
				CLANG_WARN_CONSTANT_CONVERSION = YES;
				CLANG_WARN_DIRECT_OBJC_ISA_USAGE = YES_ERROR;
				CLANG_WARN_DOCUMENTATION_COMMENTS = YES;
				CLANG_WARN_EMPTY_BODY = YES;
				CLANG_WARN_ENUM_CONVERSION = YES;
				CLANG_WARN_INFINITE_RECURSION = YES;
				CLANG_WARN_INT_CONVERSION = YES;
				CLANG_WARN_OBJC_ROOT_CLASS = YES_ERROR;
				CLANG_WARN_SUSPICIOUS_MOVE = YES;
				CLANG_WARN_UNREACHABLE_CODE = YES;
				CLANG_WARN__DUPLICATE_METHOD_MATCH = YES;
				"CODE_SIGN_IDENTITY[sdk=iphoneos*]" = "iPhone Developer";
				COPY_PHASE_STRIP = NO;
				DEBUG_INFORMATION_FORMAT = dwarf;
				ENABLE_STRICT_OBJC_MSGSEND = YES;
				ENABLE_TESTABILITY = YES;
				GCC_C_LANGUAGE_STANDARD = gnu99;
				GCC_DYNAMIC_NO_PIC = NO;
				GCC_NO_COMMON_BLOCKS = YES;
				GCC_OPTIMIZATION_LEVEL = 0;
				GCC_PREPROCESSOR_DEFINITIONS = (
					"DEBUG=1",
					"$(inherited)",
				);
				GCC_WARN_64_TO_32_BIT_CONVERSION = YES;
				GCC_WARN_ABOUT_RETURN_TYPE = YES_ERROR;
				GCC_WARN_UNDECLARED_SELECTOR = YES;
				GCC_WARN_UNINITIALIZED_AUTOS = YES_AGGRESSIVE;
				GCC_WARN_UNUSED_FUNCTION = YES;
				GCC_WARN_UNUSED_VARIABLE = YES;
				IPHONEOS_DEPLOYMENT_TARGET = 10.2;
				MTL_ENABLE_DEBUG_INFO = YES;
				ONLY_ACTIVE_ARCH = YES;
				SDKROOT = iphoneos;
				SWIFT_ACTIVE_COMPILATION_CONDITIONS = DEBUG;
				SWIFT_OPTIMIZATION_LEVEL = "-Onone";
			};
			name = Debug;
		};
		476F2BFC1E3A653200CA6712 /* Release */ = {
			isa = XCBuildConfiguration;
			buildSettings = {
				ALWAYS_SEARCH_USER_PATHS = NO;
				CLANG_ANALYZER_NONNULL = YES;
				CLANG_CXX_LANGUAGE_STANDARD = "gnu++0x";
				CLANG_CXX_LIBRARY = "libc++";
				CLANG_ENABLE_MODULES = YES;
				CLANG_ENABLE_OBJC_ARC = YES;
				CLANG_WARN_BOOL_CONVERSION = YES;
				CLANG_WARN_CONSTANT_CONVERSION = YES;
				CLANG_WARN_DIRECT_OBJC_ISA_USAGE = YES_ERROR;
				CLANG_WARN_DOCUMENTATION_COMMENTS = YES;
				CLANG_WARN_EMPTY_BODY = YES;
				CLANG_WARN_ENUM_CONVERSION = YES;
				CLANG_WARN_INFINITE_RECURSION = YES;
				CLANG_WARN_INT_CONVERSION = YES;
				CLANG_WARN_OBJC_ROOT_CLASS = YES_ERROR;
				CLANG_WARN_SUSPICIOUS_MOVE = YES;
				CLANG_WARN_UNREACHABLE_CODE = YES;
				CLANG_WARN__DUPLICATE_METHOD_MATCH = YES;
				"CODE_SIGN_IDENTITY[sdk=iphoneos*]" = "iPhone Developer";
				COPY_PHASE_STRIP = NO;
				DEBUG_INFORMATION_FORMAT = "dwarf-with-dsym";
				ENABLE_NS_ASSERTIONS = NO;
				ENABLE_STRICT_OBJC_MSGSEND = YES;
				GCC_C_LANGUAGE_STANDARD = gnu99;
				GCC_NO_COMMON_BLOCKS = YES;
				GCC_WARN_64_TO_32_BIT_CONVERSION = YES;
				GCC_WARN_ABOUT_RETURN_TYPE = YES_ERROR;
				GCC_WARN_UNDECLARED_SELECTOR = YES;
				GCC_WARN_UNINITIALIZED_AUTOS = YES_AGGRESSIVE;
				GCC_WARN_UNUSED_FUNCTION = YES;
				GCC_WARN_UNUSED_VARIABLE = YES;
				IPHONEOS_DEPLOYMENT_TARGET = 10.2;
				MTL_ENABLE_DEBUG_INFO = NO;
				SDKROOT = iphoneos;
				SWIFT_OPTIMIZATION_LEVEL = "-Owholemodule";
				VALIDATE_PRODUCT = YES;
			};
			name = Release;
		};
		476F2BFE1E3A653200CA6712 /* Debug */ = {
			isa = XCBuildConfiguration;
			buildSettings = {
				ASSETCATALOG_COMPILER_APPICON_NAME = AppIcon;
				FRAMEWORK_SEARCH_PATHS = (
					"$(inherited)",
					"$(PROJECT_DIR)/Carthage/Build/iOS",
				);
				INFOPLIST_FILE = Chores/Info.plist;
				LD_RUNPATH_SEARCH_PATHS = "$(inherited) @executable_path/Frameworks";
				PRODUCT_BUNDLE_IDENTIFIER = without.pants.Chores;
				PRODUCT_NAME = "$(TARGET_NAME)";
				SWIFT_VERSION = 3.0;
			};
			name = Debug;
		};
		476F2BFF1E3A653200CA6712 /* Release */ = {
			isa = XCBuildConfiguration;
			buildSettings = {
				ASSETCATALOG_COMPILER_APPICON_NAME = AppIcon;
				FRAMEWORK_SEARCH_PATHS = (
					"$(inherited)",
					"$(PROJECT_DIR)/Carthage/Build/iOS",
				);
				INFOPLIST_FILE = Chores/Info.plist;
				LD_RUNPATH_SEARCH_PATHS = "$(inherited) @executable_path/Frameworks";
				PRODUCT_BUNDLE_IDENTIFIER = without.pants.Chores;
				PRODUCT_NAME = "$(TARGET_NAME)";
				SWIFT_VERSION = 3.0;
			};
			name = Release;
		};
		476F2C011E3A653200CA6712 /* Debug */ = {
			isa = XCBuildConfiguration;
			buildSettings = {
				ALWAYS_EMBED_SWIFT_STANDARD_LIBRARIES = YES;
				BUNDLE_LOADER = "$(TEST_HOST)";
				INFOPLIST_FILE = ChoresTests/Info.plist;
				LD_RUNPATH_SEARCH_PATHS = "$(inherited) @executable_path/Frameworks @loader_path/Frameworks";
				PRODUCT_BUNDLE_IDENTIFIER = without.pants.ChoresTests;
				PRODUCT_NAME = "$(TARGET_NAME)";
				SWIFT_VERSION = 3.0;
				TEST_HOST = "$(BUILT_PRODUCTS_DIR)/Chores.app/Chores";
			};
			name = Debug;
		};
		476F2C021E3A653200CA6712 /* Release */ = {
			isa = XCBuildConfiguration;
			buildSettings = {
				ALWAYS_EMBED_SWIFT_STANDARD_LIBRARIES = YES;
				BUNDLE_LOADER = "$(TEST_HOST)";
				INFOPLIST_FILE = ChoresTests/Info.plist;
				LD_RUNPATH_SEARCH_PATHS = "$(inherited) @executable_path/Frameworks @loader_path/Frameworks";
				PRODUCT_BUNDLE_IDENTIFIER = without.pants.ChoresTests;
				PRODUCT_NAME = "$(TARGET_NAME)";
				SWIFT_VERSION = 3.0;
				TEST_HOST = "$(BUILT_PRODUCTS_DIR)/Chores.app/Chores";
			};
			name = Release;
		};
/* End XCBuildConfiguration section */

/* Begin XCConfigurationList section */
		476F2BDB1E3A653200CA6712 /* Build configuration list for PBXProject "Chores" */ = {
			isa = XCConfigurationList;
			buildConfigurations = (
				476F2BFB1E3A653200CA6712 /* Debug */,
				476F2BFC1E3A653200CA6712 /* Release */,
			);
			defaultConfigurationIsVisible = 0;
			defaultConfigurationName = Release;
		};
		476F2BFD1E3A653200CA6712 /* Build configuration list for PBXNativeTarget "Chores" */ = {
			isa = XCConfigurationList;
			buildConfigurations = (
				476F2BFE1E3A653200CA6712 /* Debug */,
				476F2BFF1E3A653200CA6712 /* Release */,
			);
			defaultConfigurationIsVisible = 0;
			defaultConfigurationName = Release;
		};
		476F2C001E3A653200CA6712 /* Build configuration list for PBXNativeTarget "ChoresTests" */ = {
			isa = XCConfigurationList;
			buildConfigurations = (
				476F2C011E3A653200CA6712 /* Debug */,
				476F2C021E3A653200CA6712 /* Release */,
			);
			defaultConfigurationIsVisible = 0;
			defaultConfigurationName = Release;
		};
/* End XCConfigurationList section */
	};
	rootObject = 476F2BD81E3A653200CA6712 /* Project object */;
}
